[[package]]
category = "main"
description = "Python package for providing Mozilla's CA Bundle."
name = "certifi"
optional = false
python-versions = "*"
version = "2020.11.8"

[[package]]
category = "main"
description = "Composable command line interface toolkit"
name = "click"
optional = false
python-versions = ">=2.7, !=3.0.*, !=3.1.*, !=3.2.*, !=3.3.*, !=3.4.*"
version = "7.1.2"

[[package]]
category = "dev"
description = "the modular source code checker: pep8 pyflakes and co"
name = "flake8"
optional = false
python-versions = "!=3.0.*,!=3.1.*,!=3.2.*,!=3.3.*,>=2.7"
version = "3.8.4"

[package.dependencies]
mccabe = ">=0.6.0,<0.7.0"
pycodestyle = ">=2.6.0a1,<2.7.0"
pyflakes = ">=2.2.0,<2.3.0"

[[package]]
category = "dev"
description = "Flake8 Type Annotation Checks"
name = "flake8-annotations"
optional = false
python-versions = ">=3.6.1,<4.0.0"
version = "2.4.1"

[package.dependencies]
flake8 = ">=3.7,<3.9"

[[package]]
category = "main"
description = "A pure-Python, bring-your-own-I/O implementation of HTTP/1.1"
name = "h11"
optional = false
python-versions = "*"
version = "0.11.0"

[[package]]
category = "main"
description = "A minimal low-level HTTP client."
name = "httpcore"
optional = false
python-versions = ">=3.6"
version = "0.12.2"

[package.dependencies]
h11 = "<1.0.0"
sniffio = ">=1.0.0,<2.0.0"

[package.extras]
http2 = ["h2 (>=3,<5)"]

[[package]]
category = "main"
description = "The next generation HTTP client."
name = "httpx"
optional = false
python-versions = ">=3.6"
version = "0.16.1"

[package.dependencies]
certifi = "*"
httpcore = ">=0.12.0,<0.13.0"
sniffio = "*"

[package.dependencies.rfc3986]
extras = ["idna2008"]
version = ">=1.3,<2"

[package.extras]
brotli = ["brotlipy (>=0.7.0,<0.8.0)"]
http2 = ["h2 (>=3.0.0,<4.0.0)"]

[[package]]
category = "main"
description = "Internationalized Domain Names in Applications (IDNA)"
name = "idna"
optional = false
python-versions = ">=2.7, !=3.0.*, !=3.1.*, !=3.2.*, !=3.3.*"
version = "2.10"

[[package]]
category = "dev"
description = "McCabe checker, plugin for flake8"
name = "mccabe"
optional = false
python-versions = "*"
version = "0.6.1"

[[package]]
category = "main"
description = "Python dictionary with automatic and arbitrary levels of nestedness"
name = "nested-dict"
optional = false
python-versions = "*"
version = "1.61"

[[package]]
category = "dev"
description = "Python style guide checker"
name = "pycodestyle"
optional = false
python-versions = ">=2.7, !=3.0.*, !=3.1.*, !=3.2.*, !=3.3.*"
version = "2.6.0"

[[package]]
category = "dev"
description = "passive checker of Python programs"
name = "pyflakes"
optional = false
python-versions = ">=2.7, !=3.0.*, !=3.1.*, !=3.2.*, !=3.3.*"
version = "2.2.0"

[[package]]
category = "main"
description = "JSON Web Token implementation in Python"
name = "pyjwt"
optional = false
python-versions = "*"
version = "1.7.1"

[package.extras]
crypto = ["cryptography (>=1.4)"]
flake8 = ["flake8", "flake8-import-order", "pep8-naming"]
test = ["pytest (>=4.0.1,<5.0.0)", "pytest-cov (>=2.6.0,<3.0.0)", "pytest-runner (>=4.2,<5.0.0)"]

[[package]]
category = "main"
description = "Python driver for MongoDB <http://www.mongodb.org>"
name = "pymongo"
optional = false
python-versions = "*"
version = "3.11.1"

[package.extras]
aws = ["pymongo-auth-aws (<2.0.0)"]
encryption = ["pymongocrypt (<2.0.0)"]
gssapi = ["pykerberos"]
ocsp = ["pyopenssl (>=17.2.0)", "requests (<3.0.0)", "service-identity (>=18.1.0)"]
snappy = ["python-snappy"]
srv = ["dnspython (>=1.16.0,<1.17.0)"]
tls = ["ipaddress"]
zstd = ["zstandard"]

[[package]]
category = "main"
description = "Add .env support to your django/flask apps in development and deployments"
name = "python-dotenv"
optional = false
python-versions = "*"
version = "0.14.0"

[package.extras]
cli = ["click (>=5.0)"]

[[package]]
category = "main"
description = "Validating URI References per RFC 3986"
name = "rfc3986"
optional = false
python-versions = "*"
version = "1.4.0"

[package.dependencies]
[package.dependencies.idna]
optional = true
version = "*"

[package.extras]
idna2008 = ["idna"]

[[package]]
category = "main"
description = "Sniff out which async library your code is running under"
name = "sniffio"
optional = false
python-versions = ">=3.5"
version = "1.2.0"

[[package]]
category = "main"
description = "The little ASGI library that shines."
name = "starlette"
optional = false
python-versions = ">=3.6"
version = "0.13.8"

[package.extras]
full = ["aiofiles", "graphene", "itsdangerous", "jinja2", "python-multipart", "pyyaml", "requests", "ujson"]

[[package]]
category = "main"
description = "The lightning-fast ASGI server."
name = "uvicorn"
optional = false
python-versions = "*"
version = "0.12.2"

[package.dependencies]
click = ">=7.0.0,<8.0.0"
h11 = ">=0.8"

[package.extras]
standard = ["websockets (>=8.0.0,<9.0.0)", "watchgod (>=0.6,<0.7)", "python-dotenv (>=0.13)", "PyYAML (>=5.1)", "httptools (>=0.1.0,<0.2.0)", "uvloop (>=0.14.0)", "colorama (>=0.4)"]

[metadata]
content-hash = "86371e473bf9cbf23db23bfa6b3fb2a148069fffd499e33fd95024ef2c1e6228"
python-versions = "^3.9"

[metadata.files]
certifi = [
    {file = "certifi-2020.11.8-py2.py3-none-any.whl", hash = "sha256:1f422849db327d534e3d0c5f02a263458c3955ec0aae4ff09b95f195c59f4edd"},
    {file = "certifi-2020.11.8.tar.gz", hash = "sha256:f05def092c44fbf25834a51509ef6e631dc19765ab8a57b4e7ab85531f0a9cf4"},
]
click = [
    {file = "click-7.1.2-py2.py3-none-any.whl", hash = "sha256:dacca89f4bfadd5de3d7489b7c8a566eee0d3676333fbb50030263894c38c0dc"},
    {file = "click-7.1.2.tar.gz", hash = "sha256:d2b5255c7c6349bc1bd1e59e08cd12acbbd63ce649f2588755783aa94dfb6b1a"},
]
flake8 = [
    {file = "flake8-3.8.4-py2.py3-none-any.whl", hash = "sha256:749dbbd6bfd0cf1318af27bf97a14e28e5ff548ef8e5b1566ccfb25a11e7c839"},
    {file = "flake8-3.8.4.tar.gz", hash = "sha256:aadae8761ec651813c24be05c6f7b4680857ef6afaae4651a4eccaef97ce6c3b"},
]
flake8-annotations = [
    {file = "flake8-annotations-2.4.1.tar.gz", hash = "sha256:0bcebb0792f1f96d617ded674dca7bf64181870bfe5dace353a1483551f8e5f1"},
    {file = "flake8_annotations-2.4.1-py3-none-any.whl", hash = "sha256:bebd11a850f6987a943ce8cdff4159767e0f5f89b3c88aca64680c2175ee02df"},
]
h11 = [
    {file = "h11-0.11.0-py2.py3-none-any.whl", hash = "sha256:ab6c335e1b6ef34b205d5ca3e228c9299cc7218b049819ec84a388c2525e5d87"},
    {file = "h11-0.11.0.tar.gz", hash = "sha256:3c6c61d69c6f13d41f1b80ab0322f1872702a3ba26e12aa864c928f6a43fbaab"},
]
httpcore = [
    {file = "httpcore-0.12.2-py3-none-any.whl", hash = "sha256:420700af11db658c782f7e8fda34f9dcd95e3ee93944dd97d78cb70247e0cd06"},
    {file = "httpcore-0.12.2.tar.gz", hash = "sha256:dd1d762d4f7c2702149d06be2597c35fb154c5eff9789a8c5823fbcf4d2978d6"},
]
httpx = [
    {file = "httpx-0.16.1-py3-none-any.whl", hash = "sha256:9cffb8ba31fac6536f2c8cde30df859013f59e4bcc5b8d43901cb3654a8e0a5b"},
    {file = "httpx-0.16.1.tar.gz", hash = "sha256:126424c279c842738805974687e0518a94c7ae8d140cd65b9c4f77ac46ffa537"},
]
idna = [
    {file = "idna-2.10-py2.py3-none-any.whl", hash = "sha256:b97d804b1e9b523befed77c48dacec60e6dcb0b5391d57af6a65a312a90648c0"},
    {file = "idna-2.10.tar.gz", hash = "sha256:b307872f855b18632ce0c21c5e45be78c0ea7ae4c15c828c20788b26921eb3f6"},
]
mccabe = [
    {file = "mccabe-0.6.1-py2.py3-none-any.whl", hash = "sha256:ab8a6258860da4b6677da4bd2fe5dc2c659cff31b3ee4f7f5d64e79735b80d42"},
    {file = "mccabe-0.6.1.tar.gz", hash = "sha256:dd8d182285a0fe56bace7f45b5e7d1a6ebcbf524e8f3bd87eb0f125271b8831f"},
]
nested-dict = [
    {file = "nested_dict-1.61.tar.gz", hash = "sha256:de0fb5bac82ba7bcc23736f09373f18628ea57f92bbaa13480d23f261c41e771"},
]
pycodestyle = [
    {file = "pycodestyle-2.6.0-py2.py3-none-any.whl", hash = "sha256:2295e7b2f6b5bd100585ebcb1f616591b652db8a741695b3d8f5d28bdc934367"},
    {file = "pycodestyle-2.6.0.tar.gz", hash = "sha256:c58a7d2815e0e8d7972bf1803331fb0152f867bd89adf8a01dfd55085434192e"},
]
pyflakes = [
    {file = "pyflakes-2.2.0-py2.py3-none-any.whl", hash = "sha256:0d94e0e05a19e57a99444b6ddcf9a6eb2e5c68d3ca1e98e90707af8152c90a92"},
    {file = "pyflakes-2.2.0.tar.gz", hash = "sha256:35b2d75ee967ea93b55750aa9edbbf72813e06a66ba54438df2cfac9e3c27fc8"},
]
pyjwt = [
    {file = "PyJWT-1.7.1-py2.py3-none-any.whl", hash = "sha256:5c6eca3c2940464d106b99ba83b00c6add741c9becaec087fb7ccdefea71350e"},
    {file = "PyJWT-1.7.1.tar.gz", hash = "sha256:8d59a976fb773f3e6a39c85636357c4f0e242707394cadadd9814f5cbaa20e96"},
]
pymongo = [
    {file = "pymongo-3.11.1-cp27-cp27m-macosx_10_14_intel.whl", hash = "sha256:016e8162b57e2a45cb8d2356f39795ccff2ee65fd79fe078de4f9aa78ef1994b"},
    {file = "pymongo-3.11.1-cp27-cp27m-manylinux1_i686.whl", hash = "sha256:f1ee136a8648cd76b44afdff99096823e68be90d02188d30e2ccd00b58e9b353"},
    {file = "pymongo-3.11.1-cp27-cp27m-manylinux1_x86_64.whl", hash = "sha256:0b5aa85a04efcf22c176de25e3fce675510d7700f523728fa9485d576db41358"},
    {file = "pymongo-3.11.1-cp27-cp27m-win32.whl", hash = "sha256:9f672a8b5972a2db3284f8c0324dcaaeceedead9b4e5c836e93092b599f2dbf0"},
    {file = "pymongo-3.11.1-cp27-cp27m-win_amd64.whl", hash = "sha256:be124527bfc30869e8a17915e1e960150757553d58c98e56c598fbb85697e32e"},
    {file = "pymongo-3.11.1-cp27-cp27mu-manylinux1_i686.whl", hash = "sha256:4da19b5c555cf1d8b8a0b980d9c97b1b0f27e05bcf278bf64cc6c30b697a59f9"},
    {file = "pymongo-3.11.1-cp27-cp27mu-manylinux1_x86_64.whl", hash = "sha256:e3158d2824391c52020d67e629d2586af774b543a75dc9f64eb830991ac2776e"},
    {file = "pymongo-3.11.1-cp34-cp34m-macosx_10_6_intel.whl", hash = "sha256:d349cfc776f8859c2f99ff916e307555f5615ffabfbd6162f3822f21aa1e22ed"},
    {file = "pymongo-3.11.1-cp34-cp34m-manylinux1_i686.whl", hash = "sha256:e6e6089393646c1ef865484c27871d52ead69641dce5b53cbae2096cec615151"},
    {file = "pymongo-3.11.1-cp34-cp34m-manylinux1_x86_64.whl", hash = "sha256:5a88fad3dcfaa222383ceb53af9a030a841ad998636648a748d79515c8afb6b4"},
    {file = "pymongo-3.11.1-cp34-cp34m-win32.whl", hash = "sha256:e83d61f9a247344c701147934f203117c3064c982d35396565a6ca8356bc0ea9"},
    {file = "pymongo-3.11.1-cp34-cp34m-win_amd64.whl", hash = "sha256:dbc23ece1b111a10eb6d2475a7726b70418303d2e05078d223e7f97b286745a7"},
    {file = "pymongo-3.11.1-cp35-cp35m-macosx_10_6_intel.whl", hash = "sha256:4cc8cf971ee53ad65e53b80a6f611070dbe55640b447ae9b2b98329aebd21155"},
    {file = "pymongo-3.11.1-cp35-cp35m-manylinux1_i686.whl", hash = "sha256:bb3f19af1949cbf93b17021c8c61e14e697c3f5c8923134b085dcef9d271b699"},
    {file = "pymongo-3.11.1-cp35-cp35m-manylinux1_x86_64.whl", hash = "sha256:319f1b5a8373e280026905093aaacf4cca858a9ae653e456b9f9f9ad5f308088"},
    {file = "pymongo-3.11.1-cp35-cp35m-manylinux2014_aarch64.whl", hash = "sha256:eebe522043450e8cf83ab7be2fc0268dfe702de586970d752cb012d6ce72309f"},
    {file = "pymongo-3.11.1-cp35-cp35m-manylinux2014_i686.whl", hash = "sha256:17a3b2148b9e0914dc5f0d6a5c636f81dc4b428b80ea45576f79cfe619844c6d"},
    {file = "pymongo-3.11.1-cp35-cp35m-manylinux2014_ppc64le.whl", hash = "sha256:5012342f457a544818254a89f7e7a4ecd05c4eaa89ed68ae58727039c92ff0f7"},
    {file = "pymongo-3.11.1-cp35-cp35m-manylinux2014_s390x.whl", hash = "sha256:74b6e8e240e53518a701f4cd56a518c8de2631d6019e93295499db15cf46d973"},
    {file = "pymongo-3.11.1-cp35-cp35m-manylinux2014_x86_64.whl", hash = "sha256:e6d72517fa7370841981770c3802e7a8ca7e94ead1fba9981349fbe8e539f7eb"},
    {file = "pymongo-3.11.1-cp35-cp35m-win32.whl", hash = "sha256:a6bf56c1f6d13b0e22db604c73fba6feca088fe7f6aa978cc215f83e2005d765"},
    {file = "pymongo-3.11.1-cp35-cp35m-win_amd64.whl", hash = "sha256:079a30c21d3c334ee65581a8cac5380e94521970423996c5b18a7c550230d94c"},
    {file = "pymongo-3.11.1-cp36-cp36m-macosx_10_6_intel.whl", hash = "sha256:78d4142116d6d910f1c195f3253b6209f21bb1b06fb6c6ebf90cbf80518c4071"},
    {file = "pymongo-3.11.1-cp36-cp36m-manylinux1_i686.whl", hash = "sha256:3b8076ff801dca0920f1b5c76a0e062dc26bb76de7e79efcf347c3a5ff776127"},
    {file = "pymongo-3.11.1-cp36-cp36m-manylinux1_x86_64.whl", hash = "sha256:b6282855f9193f4e7ae07c2d138b583d487d0e66add62eda7013365815188ce9"},
    {file = "pymongo-3.11.1-cp36-cp36m-manylinux2014_aarch64.whl", hash = "sha256:5fc04e445e58103bfddb601822ab355ffb8fb760142593e2b0f20c3940859352"},
    {file = "pymongo-3.11.1-cp36-cp36m-manylinux2014_i686.whl", hash = "sha256:f648d58915eb339329741296599fb25bc2a76474e64bdfeae4423ae83b312fb8"},
    {file = "pymongo-3.11.1-cp36-cp36m-manylinux2014_ppc64le.whl", hash = "sha256:2542b21b08dc30bf0a69de55a42225f25b0af0dea7852edf2011952abb50e7b4"},
    {file = "pymongo-3.11.1-cp36-cp36m-manylinux2014_s390x.whl", hash = "sha256:1529b23a51ef8613712b3e19225690564955250932d58487af6c060413ce0f1f"},
    {file = "pymongo-3.11.1-cp36-cp36m-manylinux2014_x86_64.whl", hash = "sha256:e9d7af8f668d2880fff8539188694e75e0b91d37174672a59dc5c5a0fea9f60d"},
    {file = "pymongo-3.11.1-cp36-cp36m-win32.whl", hash = "sha256:cc375f5cea8635597c21ff6bc61486ebe5dca5e662982c9e2b58a9106f92b56e"},
    {file = "pymongo-3.11.1-cp36-cp36m-win_amd64.whl", hash = "sha256:aacc9b646e142e7d32b88f0dccc6ab28f669ecf3ccc7212a274b99c83e228ef1"},
    {file = "pymongo-3.11.1-cp37-cp37m-macosx_10_6_intel.whl", hash = "sha256:b3b939780963164086fc256436c1bf9301d4c5c99026e2c281b21237234aaa2c"},
    {file = "pymongo-3.11.1-cp37-cp37m-manylinux1_i686.whl", hash = "sha256:1f5fabe75c9b7eb5a42dac9717f952a879ab3705bcf7e9ef744cdbdfd37bcf3d"},
    {file = "pymongo-3.11.1-cp37-cp37m-manylinux1_x86_64.whl", hash = "sha256:8becbccb58b7b37ce2aa5f387f298914ec520747f11edfbc31347bd2ba7e3481"},
    {file = "pymongo-3.11.1-cp37-cp37m-manylinux2014_aarch64.whl", hash = "sha256:9a5667eb4bc9ed805d1a06ca8b5ff7ee25df666b05cbb8f58f9ac16cac243d0b"},
    {file = "pymongo-3.11.1-cp37-cp37m-manylinux2014_i686.whl", hash = "sha256:e5b4ba4939c2ab6550ecef1ccd7b00537de7a7e18a8f03bce0fc4786111b4d47"},
    {file = "pymongo-3.11.1-cp37-cp37m-manylinux2014_ppc64le.whl", hash = "sha256:6e7b2b589a600f467e9159df907638c2d08aca46b0f74d88ceeaa185abd9069b"},
    {file = "pymongo-3.11.1-cp37-cp37m-manylinux2014_s390x.whl", hash = "sha256:c7953352bc27ac5fbf79d43ef7bf576ad06fa06c0ae0d6ad7c36b14cd596d565"},
    {file = "pymongo-3.11.1-cp37-cp37m-manylinux2014_x86_64.whl", hash = "sha256:2bcbde25342fa0991b0c144c8eafadc77e605e7940bf462922f6d550f88d6777"},
    {file = "pymongo-3.11.1-cp37-cp37m-win32.whl", hash = "sha256:0dd8c0367639cd5cf84be91af6b733076119745aea6e53fdf9e581819d911eac"},
    {file = "pymongo-3.11.1-cp37-cp37m-win_amd64.whl", hash = "sha256:ae0403befca6a9088be702c1d94fc1b17c333cd84a43328c973d223991c41936"},
    {file = "pymongo-3.11.1-cp38-cp38-macosx_10_9_x86_64.whl", hash = "sha256:c756d00b728f0d5ec65519d9005389fea519b2ad3aef0896c49ce80e6da8b547"},
    {file = "pymongo-3.11.1-cp38-cp38-manylinux1_i686.whl", hash = "sha256:fd09c310c54c6861e1488fcd30ceffa5dcd6c2dfe9f8409f47a8266fdc698547"},
    {file = "pymongo-3.11.1-cp38-cp38-manylinux1_x86_64.whl", hash = "sha256:a08c60335a4b1c6348d5be176f379f7b69f2021d1ebaafb11586007f6268a423"},
    {file = "pymongo-3.11.1-cp38-cp38-manylinux2014_aarch64.whl", hash = "sha256:903396921ad52c63c423683a141391e28edb8b6dfbd2388a6848b052a9e23863"},
    {file = "pymongo-3.11.1-cp38-cp38-manylinux2014_i686.whl", hash = "sha256:2c0b0d201182bfbbfb2c679af3118ca53926a31d8c0c21e9b7943f8264ec0052"},
    {file = "pymongo-3.11.1-cp38-cp38-manylinux2014_ppc64le.whl", hash = "sha256:220216da1d4fb10f941ff5e408f2958896fe534283bb3b1c1c17d4b0ac5d8b45"},
    {file = "pymongo-3.11.1-cp38-cp38-manylinux2014_s390x.whl", hash = "sha256:5a07a9983e0bc51ad61a16c228d1b60d1f98f7df5f225f435b41f8921d335e06"},
    {file = "pymongo-3.11.1-cp38-cp38-manylinux2014_x86_64.whl", hash = "sha256:4f0023db6168f052ffeec435ca0608ffe8abac17a36b8084bdc348c978e08a23"},
    {file = "pymongo-3.11.1-cp38-cp38-win32.whl", hash = "sha256:ebf21c07353d313421212e8ac0b21b6161c81aa71a12471b58629e38c784a751"},
    {file = "pymongo-3.11.1-cp38-cp38-win_amd64.whl", hash = "sha256:c66de369d459f081a1860c58c6218da5e30a4c5d07277526f66f6c0b0efe742f"},
    {file = "pymongo-3.11.1-cp39-cp39-macosx_10_9_x86_64.whl", hash = "sha256:a122c9e30e49bbd8c5c423e3ea2bcff5deb8a2c504d88cbfc3c21b036295bbf3"},
    {file = "pymongo-3.11.1-cp39-cp39-manylinux1_i686.whl", hash = "sha256:00f6c32f86a5bd1cbefcc0a27ea06565628de3bb2e6786d3f0dce0330e70c958"},
    {file = "pymongo-3.11.1-cp39-cp39-manylinux1_x86_64.whl", hash = "sha256:cb81aa36a171ed1c28d615577ab5feae8e0b8e48818833663b446dd2bb8b53cd"},
    {file = "pymongo-3.11.1-cp39-cp39-manylinux2014_aarch64.whl", hash = "sha256:342248b25c193ab20e1145989455d614d4d553334576a72be600ee371fa5de41"},
    {file = "pymongo-3.11.1-cp39-cp39-manylinux2014_i686.whl", hash = "sha256:56bbbccf22fd91ae88b2dffe56dceb84d80fa808065e6bcbedb86ec7e0f84b3b"},
    {file = "pymongo-3.11.1-cp39-cp39-manylinux2014_ppc64le.whl", hash = "sha256:078e74cffb4955a454dd0955c3fa38327185a41447ac4e368f81c2f0c07e6559"},
    {file = "pymongo-3.11.1-cp39-cp39-manylinux2014_s390x.whl", hash = "sha256:251acfa87e07e47044ed7f6157fc63a95020bb4ee9d705fb2faf3b67e6a3574e"},
    {file = "pymongo-3.11.1-cp39-cp39-manylinux2014_x86_64.whl", hash = "sha256:4266ebb14bed0206c73e2f626949679c23a6f935ea4b60529d7c3551f2f3051a"},
    {file = "pymongo-3.11.1-cp39-cp39-win32.whl", hash = "sha256:613d30623bd1f9418d5a6999f73066b01831bf7c7789bc3fe2bf44b5fe5dc67d"},
    {file = "pymongo-3.11.1-cp39-cp39-win_amd64.whl", hash = "sha256:82bc20e554fe9175e6ae53db74c3f094c4d752a55e3b363b93ff93d87a868cb7"},
    {file = "pymongo-3.11.1-py2.7-macosx-10.14-intel.egg", hash = "sha256:3cf7726216a8792d147ba44433fddc19ed149531fb23899ce82d24a0a90ec2fd"},
    {file = "pymongo-3.11.1.tar.gz", hash = "sha256:a9c1a2538cd120283e7137ac97ce27ebdfcb675730c5055d6332b0043f4e5a55"},
]
python-dotenv = [
    {file = "python-dotenv-0.14.0.tar.gz", hash = "sha256:8c10c99a1b25d9a68058a1ad6f90381a62ba68230ca93966882a4dbc3bc9c33d"},
    {file = "python_dotenv-0.14.0-py2.py3-none-any.whl", hash = "sha256:c10863aee750ad720f4f43436565e4c1698798d763b63234fb5021b6c616e423"},
]
rfc3986 = [
    {file = "rfc3986-1.4.0-py2.py3-none-any.whl", hash = "sha256:af9147e9aceda37c91a05f4deb128d4b4b49d6b199775fd2d2927768abdc8f50"},
    {file = "rfc3986-1.4.0.tar.gz", hash = "sha256:112398da31a3344dc25dbf477d8df6cb34f9278a94fee2625d89e4514be8bb9d"},
]
sniffio = [
    {file = "sniffio-1.2.0-py3-none-any.whl", hash = "sha256:471b71698eac1c2112a40ce2752bb2f4a4814c22a54a3eed3676bc0f5ca9f663"},
    {file = "sniffio-1.2.0.tar.gz", hash = "sha256:c4666eecec1d3f50960c6bdf61ab7bc350648da6c126e3cf6898d8cd4ddcd3de"},
]
starlette = [
    {file = "starlette-0.13.8-py3-none-any.whl", hash = "sha256:40afea6ffa830849800cc4efdf006a86ad579d6ba6b64cb1925a1897b020ba6e"},
    {file = "starlette-0.13.8.tar.gz", hash = "sha256:82df29b2149437ad828a883674bf031788600c876dae50835e98398bd1706183"},
]
uvicorn = [
    {file = "uvicorn-0.12.2-py3-none-any.whl", hash = "sha256:e5dbed4a8a44c7b04376021021d63798d6a7bcfae9c654a0b153577b93854fba"},
    {file = "uvicorn-0.12.2.tar.gz", hash = "sha256:8ff7495c74b8286a341526ff9efa3988ebab9a4b2f561c7438c3cb420992d7dd"},
]
